
Microsoft Visual Studio Solution File, Format Version 12.00
# Visual Studio Version 16
VisualStudioVersion = 16.0.34114.132
MinimumVisualStudioVersion = 10.0.40219.1
Project("{FAE04EC0-301F-11D3-BF4B-00C04F79EFBC}") = "VendasWebMvc", "VendasWebMvc\VendasWebMvc.csproj", "{5D9CCDA4-82B9-4436-BC82-5470DA526DBB}"
EndProject
Global
	GlobalSection(SolutionConfigurationPlatforms) = preSolution
		Debug|Any CPU = Debug|Any CPU
		Release|Any CPU = Release|Any CPU
	EndGlobalSection
	GlobalSection(ProjectConfigurationPlatforms) = postSolution
		{5D9CCDA4-82B9-4436-BC82-5470DA526DBB}.Debug|Any CPU.ActiveCfg = Debug|Any CPU
		{5D9CCDA4-82B9-4436-BC82-5470DA526DBB}.Debug|Any CPU.Build.0 = Debug|Any CPU
		{5D9CCDA4-82B9-4436-BC82-5470DA526DBB}.Release|Any CPU.ActiveCfg = Release|Any CPU
		{5D9CCDA4-82B9-4436-BC82-5470DA526DBB}.Release|Any CPU.Build.0 = Release|Any CPU
	EndGlobalSection
	GlobalSection(SolutionProperties) = preSolution
		HideSolutionNode = FALSE
	EndGlobalSection
	GlobalSection(ExtensibilityGlobals) = postSolution
		SolutionGuid = {83261C0B-0D45-4738-B106-4B1297FA763D}
	EndGlobalSection
EndGlobal
